
Microsoft Visual Studio Solution File, Format Version 12.00
# Visual Studio 2013
VisualStudioVersion = 12.0.31101.0
MinimumVisualStudioVersion = 10.0.40219.1
Project("{FAE04EC0-301F-11D3-BF4B-00C04F79EFBC}") = "EngineTests", "RiskPOC\EngineTests.csproj", "{0308B8EA-DD1E-44A2-B24A-8F2FB5FB4F6A}"
EndProject
Project("{FAE04EC0-301F-11D3-BF4B-00C04F79EFBC}") = "Engine", "Engine\Engine.csproj", "{FE9B7654-8D01-4D36-A6D9-CD6DEF8B2589}"
EndProject
Global
	GlobalSection(SolutionConfigurationPlatforms) = preSolution
		Debug|Any CPU = Debug|Any CPU
		Release|Any CPU = Release|Any CPU
	EndGlobalSection
	GlobalSection(ProjectConfigurationPlatforms) = postSolution
		{0308B8EA-DD1E-44A2-B24A-8F2FB5FB4F6A}.Debug|Any CPU.ActiveCfg = Debug|Any CPU
		{0308B8EA-DD1E-44A2-B24A-8F2FB5FB4F6A}.Debug|Any CPU.Build.0 = Debug|Any CPU
		{0308B8EA-DD1E-44A2-B24A-8F2FB5FB4F6A}.Release|Any CPU.ActiveCfg = Release|Any CPU
		{0308B8EA-DD1E-44A2-B24A-8F2FB5FB4F6A}.Release|Any CPU.Build.0 = Release|Any CPU
		{FE9B7654-8D01-4D36-A6D9-CD6DEF8B2589}.Debug|Any CPU.ActiveCfg = Debug|Any CPU
		{FE9B7654-8D01-4D36-A6D9-CD6DEF8B2589}.Debug|Any CPU.Build.0 = Debug|Any CPU
		{FE9B7654-8D01-4D36-A6D9-CD6DEF8B2589}.Release|Any CPU.ActiveCfg = Release|Any CPU
		{FE9B7654-8D01-4D36-A6D9-CD6DEF8B2589}.Release|Any CPU.Build.0 = Release|Any CPU
	EndGlobalSection
	GlobalSection(SolutionProperties) = preSolution
		HideSolutionNode = FALSE
	EndGlobalSection
EndGlobal
